Microsoft Visual Studio Solution File, Format Version 12.00
# Visual Studio Version 17
VisualStudioVersion = 17.5.2.0
MinimumVisualStudioVersion = 10.0.40219.1
Project("{FAE04EC0-301F-11D3-BF4B-00C04F79EFBC}") = "SHAW", "SHAW.csproj", "{D9E95516-34F5-EDC7-B719-386C171E9422}"
EndProject
Global
	GlobalSection(SolutionConfigurationPlatforms) = preSolution
		Debug|Any CPU = Debug|Any CPU
		Release|Any CPU = Release|Any CPU
	EndGlobalSection
	GlobalSection(ProjectConfigurationPlatforms) = postSolution
		{D9E95516-34F5-EDC7-B719-386C171E9422}.Debug|Any CPU.ActiveCfg = Debug|Any CPU
		{D9E95516-34F5-EDC7-B719-386C171E9422}.Debug|Any CPU.Build.0 = Debug|Any CPU
		{D9E95516-34F5-EDC7-B719-386C171E9422}.Release|Any CPU.ActiveCfg = Release|Any CPU
		{D9E95516-34F5-EDC7-B719-386C171E9422}.Release|Any CPU.Build.0 = Release|Any CPU
	EndGlobalSection
	GlobalSection(SolutionProperties) = preSolution
		HideSolutionNode = FALSE
	EndGlobalSection
	GlobalSection(ExtensibilityGlobals) = postSolution
		SolutionGuid = {8D6D77C9-719C-44B0-ABB8-AE400AF700E9}
	EndGlobalSection
EndGlobal
